PODS:
  - Flutter (1.0.0)
  - mob_smssdk (3.2.3):
    - MOBFoundation
  - MOBFoundation (3.2.2)
  - mobsms (0.0.1):
    - Flutter
    - mob_smssdk

DEPENDENCIES:
  - Flutter (from `.symlinks/flutter/ios-release`)
  - mobsms (from `.symlinks/plugins/mobsms/ios`)

SPEC REPOS:
  https://github.com/CocoaPods/Specs.git:
    - mob_smssdk
    - MOBFoundation

EXTERNAL SOURCES:
  Flutter:
    :path: ".symlinks/flutter/ios-release"
  mobsms:
    :path: ".symlinks/plugins/mobsms/ios"

SPEC CHECKSUMS:
  Flutter: 0e3d915762c693b495b44d77113d4970485de6ec
  mob_smssdk: cdb6a31d4fd4667ed928e2eca03f21ad89ebc05c
  MOBFoundation: b5ff4038ddb9a0f06b685b86408f905a10aa147c
  mobsms: 141956ad151a39a69a47a2ddf2e186405346c4ef

PODFILE CHECKSUM: aff02bfeed411c636180d6812254b2daeea14d09

COCOAPODS: 1.9.1
